
Microsoft Visual Studio Solution File, Format Version 12.00
# Visual Studio Version 17
VisualStudioVersion = 17.8.34525.116
MinimumVisualStudioVersion = 10.0.40219.1
Project("{FAE04EC0-301F-11D3-BF4B-00C04F79EFBC}") = "IFTL.OrgChart", "IFTL.OrgChart.csproj", "{31D6DA63-A972-481F-9616-2A20A8E9D512}"
EndProject
Project("{FAE04EC0-301F-11D3-BF4B-00C04F79EFBC}") = "IFTL.OrgChart.Lib", "..\IFTL.OrgChart.Lib\IFTL.OrgChart.Lib.csproj", "{5613DA26-5FBF-487E-B9EB-52E755EEE299}"
EndProject
Project("{FAE04EC0-301F-11D3-BF4B-00C04F79EFBC}") = "IFTL.OrgChart.Framework", "..\IFTL.OrgChart.Framework\IFTL.OrgChart.Framework.csproj", "{032488B7-2F4E-4BAE-8DAE-53A2945F9D79}"
EndProject
Global
	GlobalSection(SolutionConfigurationPlatforms) = preSolution
		Debug|Any CPU = Debug|Any CPU
		Release|Any CPU = Release|Any CPU
	EndGlobalSection
	GlobalSection(ProjectConfigurationPlatforms) = postSolution
		{31D6DA63-A972-481F-9616-2A20A8E9D512}.Debug|Any CPU.ActiveCfg = Debug|Any CPU
		{31D6DA63-A972-481F-9616-2A20A8E9D512}.Debug|Any CPU.Build.0 = Debug|Any CPU
		{31D6DA63-A972-481F-9616-2A20A8E9D512}.Release|Any CPU.ActiveCfg = Release|Any CPU
		{31D6DA63-A972-481F-9616-2A20A8E9D512}.Release|Any CPU.Build.0 = Release|Any CPU
		{5613DA26-5FBF-487E-B9EB-52E755EEE299}.Debug|Any CPU.ActiveCfg = Debug|Any CPU
		{5613DA26-5FBF-487E-B9EB-52E755EEE299}.Debug|Any CPU.Build.0 = Debug|Any CPU
		{5613DA26-5FBF-487E-B9EB-52E755EEE299}.Release|Any CPU.ActiveCfg = Release|Any CPU
		{5613DA26-5FBF-487E-B9EB-52E755EEE299}.Release|Any CPU.Build.0 = Release|Any CPU
		{032488B7-2F4E-4BAE-8DAE-53A2945F9D79}.Debug|Any CPU.ActiveCfg = Debug|Any CPU
		{032488B7-2F4E-4BAE-8DAE-53A2945F9D79}.Debug|Any CPU.Build.0 = Debug|Any CPU
		{032488B7-2F4E-4BAE-8DAE-53A2945F9D79}.Release|Any CPU.ActiveCfg = Release|Any CPU
		{032488B7-2F4E-4BAE-8DAE-53A2945F9D79}.Release|Any CPU.Build.0 = Release|Any CPU
	EndGlobalSection
	GlobalSection(SolutionProperties) = preSolution
		HideSolutionNode = FALSE
	EndGlobalSection
	GlobalSection(ExtensibilityGlobals) = postSolution
		SolutionGuid = {988AFD52-3AEE-4901-9CF0-C2A1E46CCB44}
	EndGlobalSection
EndGlobal
