
Microsoft Visual Studio Solution File, Format Version 12.00
# Visual Studio Version 17
VisualStudioVersion = 17.8.34525.116
MinimumVisualStudioVersion = 10.0.40219.1
Project("{9A19103F-16F7-4668-BE54-9A1E7A4F7556}") = "IFTL.OrgChart.Lib", "IFTL.OrgChart.Lib\IFTL.OrgChart.Lib.csproj", "{53C61EDA-7E32-455C-A0B0-4CC4ADF7151B}"
EndProject
Project("{FAE04EC0-301F-11D3-BF4B-00C04F79EFBC}") = "IFTL.OrgChart.Framework", "IFTL.OrgChart.Framework\IFTL.OrgChart.Framework.csproj", "{032488B7-2F4E-4BAE-8DAE-53A2945F9D79}"
EndProject
Project("{9A19103F-16F7-4668-BE54-9A1E7A4F7556}") = "IFTL.OrgChart", "IFTL.OrgChart\IFTL.OrgChart.csproj", "{5D6C5AA3-C7B6-4BE2-BB91-2714EEBDEEB0}"
EndProject
Project("{2150E333-8FDC-42A3-9474-1A3956D46DE8}") = "Github", "Github", "{615FE2CE-A60B-4194-84B8-3A301560341F}"
	ProjectSection(SolutionItems) = preProject
		.gitattributes = .gitattributes
		.gitignore = .gitignore
		.github\workflows\dotnet-desktop.yml = .github\workflows\dotnet-desktop.yml
	EndProjectSection
EndProject
Global
	GlobalSection(SolutionConfigurationPlatforms) = preSolution
		Debug|Any CPU = Debug|Any CPU
		Release|Any CPU = Release|Any CPU
	EndGlobalSection
	GlobalSection(ProjectConfigurationPlatforms) = postSolution
		{53C61EDA-7E32-455C-A0B0-4CC4ADF7151B}.Debug|Any CPU.ActiveCfg = Debug|Any CPU
		{53C61EDA-7E32-455C-A0B0-4CC4ADF7151B}.Debug|Any CPU.Build.0 = Debug|Any CPU
		{53C61EDA-7E32-455C-A0B0-4CC4ADF7151B}.Release|Any CPU.ActiveCfg = Release|Any CPU
		{53C61EDA-7E32-455C-A0B0-4CC4ADF7151B}.Release|Any CPU.Build.0 = Release|Any CPU
		{032488B7-2F4E-4BAE-8DAE-53A2945F9D79}.Debug|Any CPU.ActiveCfg = Debug|Any CPU
		{032488B7-2F4E-4BAE-8DAE-53A2945F9D79}.Debug|Any CPU.Build.0 = Debug|Any CPU
		{032488B7-2F4E-4BAE-8DAE-53A2945F9D79}.Release|Any CPU.ActiveCfg = Release|Any CPU
		{032488B7-2F4E-4BAE-8DAE-53A2945F9D79}.Release|Any CPU.Build.0 = Release|Any CPU
		{5D6C5AA3-C7B6-4BE2-BB91-2714EEBDEEB0}.Debug|Any CPU.ActiveCfg = Debug|Any CPU
		{5D6C5AA3-C7B6-4BE2-BB91-2714EEBDEEB0}.Debug|Any CPU.Build.0 = Debug|Any CPU
		{5D6C5AA3-C7B6-4BE2-BB91-2714EEBDEEB0}.Release|Any CPU.ActiveCfg = Release|Any CPU
		{5D6C5AA3-C7B6-4BE2-BB91-2714EEBDEEB0}.Release|Any CPU.Build.0 = Release|Any CPU
	EndGlobalSection
	GlobalSection(SolutionProperties) = preSolution
		HideSolutionNode = FALSE
	EndGlobalSection
	GlobalSection(ExtensibilityGlobals) = postSolution
		SolutionGuid = {988AFD52-3AEE-4901-9CF0-C2A1E46CCB44}
	EndGlobalSection
EndGlobal
